
Microsoft Visual Studio Solution File, Format Version 12.00
# Visual Studio 15
VisualStudioVersion = 15.0.27130.2036
MinimumVisualStudioVersion = 10.0.40219.1
Project("{FAE04EC0-301F-11D3-BF4B-00C04F79EFBC}") = "ChapterFiveCode", "ChapterFiveCode\ChapterFiveCode.csproj", "{853A2855-4E2F-4474-BA76-009B9C23CB88}"
EndProject
Project("{FAE04EC0-301F-11D3-BF4B-00C04F79EFBC}") = "Chapter 5-1", "Chapter 5-1\Chapter 5-1.csproj", "{C77C1057-921E-4750-B997-838D016F88CF}"
EndProject
Project("{FAE04EC0-301F-11D3-BF4B-00C04F79EFBC}") = "Tutorial 5-2", "Tutorial 5-2\Tutorial 5-2.csproj", "{D5850A16-386B-4580-992C-0A288D4A8725}"
EndProject
Project("{FAE04EC0-301F-11D3-BF4B-00C04F79EFBC}") = "Tutorial 5-3", "Tutorial 5-3\Tutorial 5-3.csproj", "{F3C6719D-555E-4317-ADC0-6FBD7E10B13C}"
EndProject
Project("{FAE04EC0-301F-11D3-BF4B-00C04F79EFBC}") = "Tutorial 5-4", "Tutorial 5-4\Tutorial 5-4.csproj", "{116BA2AE-FCE9-49D6-A0A8-89EFEC056109}"
EndProject
Global
	GlobalSection(SolutionConfigurationPlatforms) = preSolution
		Debug|Any CPU = Debug|Any CPU
		Release|Any CPU = Release|Any CPU
	EndGlobalSection
	GlobalSection(ProjectConfigurationPlatforms) = postSolution
		{853A2855-4E2F-4474-BA76-009B9C23CB88}.Debug|Any CPU.ActiveCfg = Debug|Any CPU
		{853A2855-4E2F-4474-BA76-009B9C23CB88}.Debug|Any CPU.Build.0 = Debug|Any CPU
		{853A2855-4E2F-4474-BA76-009B9C23CB88}.Release|Any CPU.ActiveCfg = Release|Any CPU
		{853A2855-4E2F-4474-BA76-009B9C23CB88}.Release|Any CPU.Build.0 = Release|Any CPU
		{C77C1057-921E-4750-B997-838D016F88CF}.Debug|Any CPU.ActiveCfg = Debug|Any CPU
		{C77C1057-921E-4750-B997-838D016F88CF}.Debug|Any CPU.Build.0 = Debug|Any CPU
		{C77C1057-921E-4750-B997-838D016F88CF}.Release|Any CPU.ActiveCfg = Release|Any CPU
		{C77C1057-921E-4750-B997-838D016F88CF}.Release|Any CPU.Build.0 = Release|Any CPU
		{D5850A16-386B-4580-992C-0A288D4A8725}.Debug|Any CPU.ActiveCfg = Debug|Any CPU
		{D5850A16-386B-4580-992C-0A288D4A8725}.Debug|Any CPU.Build.0 = Debug|Any CPU
		{D5850A16-386B-4580-992C-0A288D4A8725}.Release|Any CPU.ActiveCfg = Release|Any CPU
		{D5850A16-386B-4580-992C-0A288D4A8725}.Release|Any CPU.Build.0 = Release|Any CPU
		{F3C6719D-555E-4317-ADC0-6FBD7E10B13C}.Debug|Any CPU.ActiveCfg = Debug|Any CPU
		{F3C6719D-555E-4317-ADC0-6FBD7E10B13C}.Debug|Any CPU.Build.0 = Debug|Any CPU
		{F3C6719D-555E-4317-ADC0-6FBD7E10B13C}.Release|Any CPU.ActiveCfg = Release|Any CPU
		{F3C6719D-555E-4317-ADC0-6FBD7E10B13C}.Release|Any CPU.Build.0 = Release|Any CPU
		{116BA2AE-FCE9-49D6-A0A8-89EFEC056109}.Debug|Any CPU.ActiveCfg = Debug|Any CPU
		{116BA2AE-FCE9-49D6-A0A8-89EFEC056109}.Debug|Any CPU.Build.0 = Debug|Any CPU
		{116BA2AE-FCE9-49D6-A0A8-89EFEC056109}.Release|Any CPU.ActiveCfg = Release|Any CPU
		{116BA2AE-FCE9-49D6-A0A8-89EFEC056109}.Release|Any CPU.Build.0 = Release|Any CPU
	EndGlobalSection
	GlobalSection(SolutionProperties) = preSolution
		HideSolutionNode = FALSE
	EndGlobalSection
	GlobalSection(ExtensibilityGlobals) = postSolution
		SolutionGuid = {E2B3BA0B-1E74-46C9-8554-1FDD66935CF7}
	EndGlobalSection
EndGlobal
